
Microsoft Visual Studio Solution File, Format Version 12.00
# Visual Studio Version 17
VisualStudioVersion = 17.7.34221.43
MinimumVisualStudioVersion = 10.0.40219.1
Project("{8BC9CEB8-8B4A-11D0-8D11-00A0C91BC942}") = "Adapter", "Adapter\Adapter.vcxproj", "{20DF8362-62DF-41BF-8146-506B379B6B7B}"
EndProject
Global
	GlobalSection(SolutionConfigurationPlatforms) = preSolution
		Debug|x64 = Debug|x64
		Debug|x86 = Debug|x86
		Release|x64 = Release|x64
		Release|x86 = Release|x86
	EndGlobalSection
	GlobalSection(ProjectConfigurationPlatforms) = postSolution
		{20DF8362-62DF-41BF-8146-506B379B6B7B}.Debug|x64.ActiveCfg = Debug|x64
		{20DF8362-62DF-41BF-8146-506B379B6B7B}.Debug|x64.Build.0 = Debug|x64
		{20DF8362-62DF-41BF-8146-506B379B6B7B}.Debug|x86.ActiveCfg = Debug|Win32
		{20DF8362-62DF-41BF-8146-506B379B6B7B}.Debug|x86.Build.0 = Debug|Win32
		{20DF8362-62DF-41BF-8146-506B379B6B7B}.Release|x64.ActiveCfg = Release|x64
		{20DF8362-62DF-41BF-8146-506B379B6B7B}.Release|x64.Build.0 = Release|x64
		{20DF8362-62DF-41BF-8146-506B379B6B7B}.Release|x86.ActiveCfg = Release|Win32
		{20DF8362-62DF-41BF-8146-506B379B6B7B}.Release|x86.Build.0 = Release|Win32
	EndGlobalSection
	GlobalSection(SolutionProperties) = preSolution
		HideSolutionNode = FALSE
	EndGlobalSection
	GlobalSection(ExtensibilityGlobals) = postSolution
		SolutionGuid = {35F46AF6-7D85-4AE7-8BBB-357DEDC8EFE9}
	EndGlobalSection
EndGlobal
